
Microsoft Visual Studio Solution File, Format Version 12.00
# Visual Studio Version 16
VisualStudioVersion = 16.0.32106.194
MinimumVisualStudioVersion = 10.0.40219.1
Project("{FAE04EC0-301F-11D3-BF4B-00C04F79EFBC}") = "SeriesCRUD", "SeriesCRUD\SeriesCRUD.csproj", "{30A28441-8119-4F99-8D7F-829B18D3B23F}"
EndProject
Global
	GlobalSection(SolutionConfigurationPlatforms) = preSolution
		Debug|Any CPU = Debug|Any CPU
		Release|Any CPU = Release|Any CPU
	EndGlobalSection
	GlobalSection(ProjectConfigurationPlatforms) = postSolution
		{30A28441-8119-4F99-8D7F-829B18D3B23F}.Debug|Any CPU.ActiveCfg = Debug|Any CPU
		{30A28441-8119-4F99-8D7F-829B18D3B23F}.Debug|Any CPU.Build.0 = Debug|Any CPU
		{30A28441-8119-4F99-8D7F-829B18D3B23F}.Release|Any CPU.ActiveCfg = Release|Any CPU
		{30A28441-8119-4F99-8D7F-829B18D3B23F}.Release|Any CPU.Build.0 = Release|Any CPU
	EndGlobalSection
	GlobalSection(SolutionProperties) = preSolution
		HideSolutionNode = FALSE
	EndGlobalSection
	GlobalSection(ExtensibilityGlobals) = postSolution
		SolutionGuid = {9CEF87BC-CD21-4AC6-9DDE-CA00642F51BD}
	EndGlobalSection
EndGlobal
